
Microsoft Visual Studio Solution File, Format Version 12.00
Project("{FAE04EC0-301F-11D3-BF4B-00C04F79EFBC}") = "GitBasedFileSync", "GitBasedFileSync\GitBasedFileSync.csproj", "{9202B480-2037-4D1D-A0A8-AE2DEC910F96}"
EndProject
Global
	GlobalSection(SolutionConfigurationPlatforms) = preSolution
		Debug|Any CPU = Debug|Any CPU
		Release|Any CPU = Release|Any CPU
	EndGlobalSection
	GlobalSection(ProjectConfigurationPlatforms) = postSolution
		{9202B480-2037-4D1D-A0A8-AE2DEC910F96}.Debug|Any CPU.ActiveCfg = Debug|Any CPU
		{9202B480-2037-4D1D-A0A8-AE2DEC910F96}.Debug|Any CPU.Build.0 = Debug|Any CPU
		{9202B480-2037-4D1D-A0A8-AE2DEC910F96}.Release|Any CPU.ActiveCfg = Release|Any CPU
		{9202B480-2037-4D1D-A0A8-AE2DEC910F96}.Release|Any CPU.Build.0 = Release|Any CPU
	EndGlobalSection
EndGlobal
